{
  "pins" : [
    {
      "identity" : "reachability.swift",
      "kind" : "remoteSourceControl",
      "location" : "https://github.com/ashleymills/Reachability.swift",
      "state" : {
        "branch" : "master",
        "revision" : "7cbd73f46a7dfaeca079e18df7324c6de6d1834a"
      }
    }
  ],
  "version" : 2
}
